PODS:
  - Alamofire (5.10.2)
  - RxCocoa (6.8.0):
    - RxRelay (= 6.8.0)
    - RxSwift (= 6.8.0)
  - RxCoreLocation (1.5.1):
    - RxCoreLocation/Core (= 1.5.1)
  - RxCoreLocation/Core (1.5.1):
    - RxCocoa (~> 6.0)
    - RxSwift (~> 6.0)
  - RxMKMapView (6.0.1):
    - RxCocoa (~> 6.0)
    - RxSwift (~> 6.0)
  - RxRelay (6.8.0):
    - RxSwift (= 6.8.0)
  - RxSwift (6.8.0)
  - SoHow (3.2.5)
  - XYZResponse (3.0.1)

DEPENDENCIES:
  - Alamofire
  - RxCocoa
  - RxCoreLocation
  - RxMKMapView
  - RxSwift
  - SoHow
  - XYZResponse

SPEC REPOS:
  trunk:
    - Alamofire
    - RxCocoa
    - RxCoreLocation
    - RxMKMapView
    - RxRelay
    - RxSwift
    - SoHow
    - XYZResponse

SPEC CHECKSUMS:
  Alamofire: 7193b3b92c74a07f85569e1a6c4f4237291e7496
  RxCocoa: 2d33c1e1e5d66492052ad46b11024ae287572880
  RxCoreLocation: a78f4cbf32a4c6c47ecccbe22d41ff93b7e8c099
  RxMKMapView: 80466fe28566084793b938b5dfec4611dfe32805
  RxRelay: 335c78b926a2aea8d863a6d25f1ed3b5ad8e8705
  RxSwift: 4e28be97cbcfeee614af26d83415febbf2bf6f45
  SoHow: d8b3124ad27942c0cd4170ac435ae583213a4b6c
  XYZResponse: 1b261e77b7fcc91e576e0c5672ac99c1cbaa459d

PODFILE CHECKSUM: ac6b27cfb292af2928248389f5786b2b77134140

COCOAPODS: 1.16.1
