// !$*UTF8*$!
{
	archiveVersion = 1;
	classes = {
	};
	objectVersion = 55;
	objects = {

/* Begin PBXBuildFile section */
		59BB57FCF8D7552AD23A0098 /* Pods_XYZMapKit.framework in Frameworks */ = {isa = PBXBuildFile; fileRef = E351E487EEBCFC0070E70F2A /* Pods_XYZMapKit.framework */; };
		D68F770F29F6719D0074B75A /* AppDelegate.swift in Sources */ = {isa = PBXBuildFile; fileRef = D68F770E29F6719D0074B75A /* AppDelegate.swift */; };
		D68F771129F6719D0074B75A /* SceneDelegate.swift in Sources */ = {isa = PBXBuildFile; fileRef = D68F771029F6719D0074B75A /* SceneDelegate.swift */; };
		D68F771329F6719D0074B75A /* VC_XYZMapKit.swift in Sources */ = {isa = PBXBuildFile; fileRef = D68F771229F6719D0074B75A /* VC_XYZMapKit.swift */; };
		D68F771629F6719D0074B75A /* Main.storyboard in Resources */ = {isa = PBXBuildFile; fileRef = D68F771429F6719D0074B75A /* Main.storyboard */; };
		D68F771829F6719F0074B75A /* Assets.xcassets in Resources */ = {isa = PBXBuildFile; fileRef = D68F771729F6719F0074B75A /* Assets.xcassets */; };
		D68F771B29F6719F0074B75A /* LaunchScreen.storyboard in Resources */ = {isa = PBXBuildFile; fileRef = D68F771929F6719F0074B75A /* LaunchScreen.storyboard */; };
		D68F772529F674570074B75A /* XYZLocationUtil.swift in Sources */ = {isa = PBXBuildFile; fileRef = D68F772329F674570074B75A /* XYZLocationUtil.swift */; };
		D68F772629F674570074B75A /* XYZLocationManager.swift in Sources */ = {isa = PBXBuildFile; fileRef = D68F772429F674570074B75A /* XYZLocationManager.swift */; };
		D6A848C829F68A1400B8CDA9 /* VC_XYZCoreLocation.swift in Sources */ = {isa = PBXBuildFile; fileRef = D6A848C729F68A1400B8CDA9 /* VC_XYZCoreLocation.swift */; };
		D6E4A11729F67A7500077B6C /* XYZMKPointAnnotation.swift in Sources */ = {isa = PBXBuildFile; fileRef = D6E4A11629F67A7500077B6C /* XYZMKPointAnnotation.swift */; };
		D6E4A11929F6876E00077B6C /* XYZLocation_gpt.swift in Sources */ = {isa = PBXBuildFile; fileRef = D6E4A11829F6876E00077B6C /* XYZLocation_gpt.swift */; };
/* End PBXBuildFile section */

/* Begin PBXFileReference section */
		8B92BC188D1CF63890C9CD8C /* Pods-XYZMapKit.release.xcconfig */ = {isa = PBXFileReference; includeInIndex = 1; lastKnownFileType = text.xcconfig; name = "Pods-XYZMapKit.release.xcconfig"; path = "Target Support Files/Pods-XYZMapKit/Pods-XYZMapKit.release.xcconfig"; sourceTree = "<group>"; };
		B7188996213AFDD96D0CD854 /* Pods-XYZMapKit.debug.xcconfig */ = {isa = PBXFileReference; includeInIndex = 1; lastKnownFileType = text.xcconfig; name = "Pods-XYZMapKit.debug.xcconfig"; path = "Target Support Files/Pods-XYZMapKit/Pods-XYZMapKit.debug.xcconfig"; sourceTree = "<group>"; };
		D68F770B29F6719D0074B75A /* XYZMapKit.app */ = {isa = PBXFileReference; explicitFileType = wrapper.application; includeInIndex = 0; path = XYZMapKit.app; sourceTree = BUILT_PRODUCTS_DIR; };
		D68F770E29F6719D0074B75A /* AppDelegate.swift */ = {isa = PBXFileReference; lastKnownFileType = sourcecode.swift; path = AppDelegate.swift; sourceTree = "<group>"; };
		D68F771029F6719D0074B75A /* SceneDelegate.swift */ = {isa = PBXFileReference; lastKnownFileType = sourcecode.swift; path = SceneDelegate.swift; sourceTree = "<group>"; };
		D68F771229F6719D0074B75A /* VC_XYZMapKit.swift */ = {isa = PBXFileReference; lastKnownFileType = sourcecode.swift; path = VC_XYZMapKit.swift; sourceTree = "<group>"; };
		D68F771529F6719D0074B75A /* Base */ = {isa = PBXFileReference; lastKnownFileType = file.storyboard; name = Base; path = Base.lproj/Main.storyboard; sourceTree = "<group>"; };
		D68F771729F6719F0074B75A /* Assets.xcassets */ = {isa = PBXFileReference; lastKnownFileType = folder.assetcatalog; path = Assets.xcassets; sourceTree = "<group>"; };
		D68F771A29F6719F0074B75A /* Base */ = {isa = PBXFileReference; lastKnownFileType = file.storyboard; name = Base; path = Base.lproj/LaunchScreen.storyboard; sourceTree = "<group>"; };
		D68F771C29F6719F0074B75A /* Info.plist */ = {isa = PBXFileReference; lastKnownFileType = text.plist.xml; path = Info.plist; sourceTree = "<group>"; };
		D68F772329F674570074B75A /* XYZLocationUtil.swift */ = {isa = PBXFileReference; fileEncoding = 4; lastKnownFileType = sourcecode.swift; path = XYZLocationUtil.swift; sourceTree = "<group>"; };
		D68F772429F674570074B75A /* XYZLocationManager.swift */ = {isa = PBXFileReference; fileEncoding = 4; lastKnownFileType = sourcecode.swift; path = XYZLocationManager.swift; sourceTree = "<group>"; };
		D6A848C729F68A1400B8CDA9 /* VC_XYZCoreLocation.swift */ = {isa = PBXFileReference; lastKnownFileType = sourcecode.swift; path = VC_XYZCoreLocation.swift; sourceTree = "<group>"; };
		D6E4A11629F67A7500077B6C /* XYZMKPointAnnotation.swift */ = {isa = PBXFileReference; lastKnownFileType = sourcecode.swift; path = XYZMKPointAnnotation.swift; sourceTree = "<group>"; };
		D6E4A11829F6876E00077B6C /* XYZLocation_gpt.swift */ = {isa = PBXFileReference; lastKnownFileType = sourcecode.swift; path = XYZLocation_gpt.swift; sourceTree = "<group>"; };
		E351E487EEBCFC0070E70F2A /* Pods_XYZMapKit.framework */ = {isa = PBXFileReference; explicitFileType = wrapper.framework; includeInIndex = 0; path = Pods_XYZMapKit.framework; sourceTree = BUILT_PRODUCTS_DIR; };
/* End PBXFileReference section */

/* Begin PBXFrameworksBuildPhase section */
		D68F770829F6719D0074B75A /* Frameworks */ = {
			isa = PBXFrameworksBuildPhase;
			buildActionMask = 2147483647;
			files = (
				59BB57FCF8D7552AD23A0098 /* Pods_XYZMapKit.framework in Frameworks */,
			);
			runOnlyForDeploymentPostprocessing = 0;
		};
/* End PBXFrameworksBuildPhase section */

/* Begin PBXGroup section */
		6CFA8985BDD03509F58D13AD /* Pods */ = {
			isa = PBXGroup;
			children = (
				B7188996213AFDD96D0CD854 /* Pods-XYZMapKit.debug.xcconfig */,
				8B92BC188D1CF63890C9CD8C /* Pods-XYZMapKit.release.xcconfig */,
			);
			path = Pods;
			sourceTree = "<group>";
		};
		7C9A2D3C7AD443B8F080D843 /* Frameworks */ = {
			isa = PBXGroup;
			children = (
				E351E487EEBCFC0070E70F2A /* Pods_XYZMapKit.framework */,
			);
			name = Frameworks;
			sourceTree = "<group>";
		};
		D68F770229F6719D0074B75A = {
			isa = PBXGroup;
			children = (
				D68F770D29F6719D0074B75A /* XYZMapKit */,
				D68F770C29F6719D0074B75A /* Products */,
				6CFA8985BDD03509F58D13AD /* Pods */,
				7C9A2D3C7AD443B8F080D843 /* Frameworks */,
			);
			sourceTree = "<group>";
		};
		D68F770C29F6719D0074B75A /* Products */ = {
			isa = PBXGroup;
			children = (
				D68F770B29F6719D0074B75A /* XYZMapKit.app */,
			);
			name = Products;
			sourceTree = "<group>";
		};
		D68F770D29F6719D0074B75A /* XYZMapKit */ = {
			isa = PBXGroup;
			children = (
				D6E4A11A29F6890800077B6C /* XYZCoreLocation_rx */,
				D68F770E29F6719D0074B75A /* AppDelegate.swift */,
				D68F771029F6719D0074B75A /* SceneDelegate.swift */,
				D68F772229F674570074B75A /* XYZLocationKit */,
				D68F771429F6719D0074B75A /* Main.storyboard */,
				D68F771729F6719F0074B75A /* Assets.xcassets */,
				D68F771929F6719F0074B75A /* LaunchScreen.storyboard */,
				D68F771C29F6719F0074B75A /* Info.plist */,
			);
			path = XYZMapKit;
			sourceTree = "<group>";
		};
		D68F772229F674570074B75A /* XYZLocationKit */ = {
			isa = PBXGroup;
			children = (
				D68F771229F6719D0074B75A /* VC_XYZMapKit.swift */,
				D68F772329F674570074B75A /* XYZLocationUtil.swift */,
				D68F772429F674570074B75A /* XYZLocationManager.swift */,
				D6E4A11629F67A7500077B6C /* XYZMKPointAnnotation.swift */,
				D6E4A11829F6876E00077B6C /* XYZLocation_gpt.swift */,
			);
			path = XYZLocationKit;
			sourceTree = "<group>";
		};
		D6E4A11A29F6890800077B6C /* XYZCoreLocation_rx */ = {
			isa = PBXGroup;
			children = (
				D6A848C729F68A1400B8CDA9 /* VC_XYZCoreLocation.swift */,
			);
			path = XYZCoreLocation_rx;
			sourceTree = "<group>";
		};
/* End PBXGroup section */

/* Begin PBXNativeTarget section */
		D68F770A29F6719D0074B75A /* XYZMapKit */ = {
			isa = PBXNativeTarget;
			buildConfigurationList = D68F771F29F6719F0074B75A /* Build configuration list for PBXNativeTarget "XYZMapKit" */;
			buildPhases = (
				190B700FB84B74715A3B9B9A /* [CP] Check Pods Manifest.lock */,
				D68F770729F6719D0074B75A /* Sources */,
				D68F770829F6719D0074B75A /* Frameworks */,
				D68F770929F6719D0074B75A /* Resources */,
				E12ADE9FE14061FCBA785A1D /* [CP] Embed Pods Frameworks */,
			);
			buildRules = (
			);
			dependencies = (
			);
			name = XYZMapKit;
			productName = XYZMapKit;
			productReference = D68F770B29F6719D0074B75A /* XYZMapKit.app */;
			productType = "com.apple.product-type.application";
		};
/* End PBXNativeTarget section */

/* Begin PBXProject section */
		D68F770329F6719D0074B75A /* Project object */ = {
			isa = PBXProject;
			attributes = {
				BuildIndependentTargetsInParallel = 1;
				LastSwiftUpdateCheck = 1430;
				LastUpgradeCheck = 1430;
				TargetAttributes = {
					D68F770A29F6719D0074B75A = {
						CreatedOnToolsVersion = 14.3;
					};
				};
			};
			buildConfigurationList = D68F770629F6719D0074B75A /* Build configuration list for PBXProject "XYZMapKit" */;
			compatibilityVersion = "Xcode 13.0";
			developmentRegion = en;
			hasScannedForEncodings = 0;
			knownRegions = (
				en,
				Base,
			);
			mainGroup = D68F770229F6719D0074B75A;
			productRefGroup = D68F770C29F6719D0074B75A /* Products */;
			projectDirPath = "";
			projectRoot = "";
			targets = (
				D68F770A29F6719D0074B75A /* XYZMapKit */,
			);
		};
/* End PBXProject section */

/* Begin PBXResourcesBuildPhase section */
		D68F770929F6719D0074B75A /* Resources */ = {
			isa = PBXResourcesBuildPhase;
			buildActionMask = 2147483647;
			files = (
				D68F771B29F6719F0074B75A /* LaunchScreen.storyboard in Resources */,
				D68F771829F6719F0074B75A /* Assets.xcassets in Resources */,
				D68F771629F6719D0074B75A /* Main.storyboard in Resources */,
			);
			runOnlyForDeploymentPostprocessing = 0;
		};
/* End PBXResourcesBuildPhase section */

/* Begin PBXShellScriptBuildPhase section */
		190B700FB84B74715A3B9B9A /* [CP] Check Pods Manifest.lock */ = {
			isa = PBXShellScriptBuildPhase;
			buildActionMask = 2147483647;
			files = (
			);
			inputFileListPaths = (
			);
			inputPaths = (
				"${PODS_PODFILE_DIR_PATH}/Podfile.lock",
				"${PODS_ROOT}/Manifest.lock",
			);
			name = "[CP] Check Pods Manifest.lock";
			outputFileListPaths = (
			);
			outputPaths = (
				"$(DERIVED_FILE_DIR)/Pods-XYZMapKit-checkManifestLockResult.txt",
			);
			runOnlyForDeploymentPostprocessing = 0;
			shellPath = /bin/sh;
			shellScript = "diff \"${PODS_PODFILE_DIR_PATH}/Podfile.lock\" \"${PODS_ROOT}/Manifest.lock\" > /dev/null\nif [ $? != 0 ] ; then\n    # print error to STDERR\n    echo \"error: The sandbox is not in sync with the Podfile.lock. Run 'pod install' or update your CocoaPods installation.\" >&2\n    exit 1\nfi\n# This output is used by Xcode 'outputs' to avoid re-running this script phase.\necho \"SUCCESS\" > \"${SCRIPT_OUTPUT_FILE_0}\"\n";
			showEnvVarsInLog = 0;
		};
		E12ADE9FE14061FCBA785A1D /* [CP] Embed Pods Frameworks */ = {
			isa = PBXShellScriptBuildPhase;
			buildActionMask = 2147483647;
			files = (
			);
			inputFileListPaths = (
				"${PODS_ROOT}/Target Support Files/Pods-XYZMapKit/Pods-XYZMapKit-frameworks-${CONFIGURATION}-input-files.xcfilelist",
			);
			name = "[CP] Embed Pods Frameworks";
			outputFileListPaths = (
				"${PODS_ROOT}/Target Support Files/Pods-XYZMapKit/Pods-XYZMapKit-frameworks-${CONFIGURATION}-output-files.xcfilelist",
			);
			runOnlyForDeploymentPostprocessing = 0;
			shellPath = /bin/sh;
			shellScript = "\"${PODS_ROOT}/Target Support Files/Pods-XYZMapKit/Pods-XYZMapKit-frameworks.sh\"\n";
			showEnvVarsInLog = 0;
		};
/* End PBXShellScriptBuildPhase section */

/* Begin PBXSourcesBuildPhase section */
		D68F770729F6719D0074B75A /* Sources */ = {
			isa = PBXSourcesBuildPhase;
			buildActionMask = 2147483647;
			files = (
				D6A848C829F68A1400B8CDA9 /* VC_XYZCoreLocation.swift in Sources */,
				D68F772529F674570074B75A /* XYZLocationUtil.swift in Sources */,
				D6E4A11929F6876E00077B6C /* XYZLocation_gpt.swift in Sources */,
				D68F772629F674570074B75A /* XYZLocationManager.swift in Sources */,
				D68F771329F6719D0074B75A /* VC_XYZMapKit.swift in Sources */,
				D6E4A11729F67A7500077B6C /* XYZMKPointAnnotation.swift in Sources */,
				D68F770F29F6719D0074B75A /* AppDelegate.swift in Sources */,
				D68F771129F6719D0074B75A /* SceneDelegate.swift in Sources */,
			);
			runOnlyForDeploymentPostprocessing = 0;
		};
/* End PBXSourcesBuildPhase section */

/* Begin PBXVariantGroup section */
		D68F771429F6719D0074B75A /* Main.storyboard */ = {
			isa = PBXVariantGroup;
			children = (
				D68F771529F6719D0074B75A /* Base */,
			);
			name = Main.storyboard;
			sourceTree = "<group>";
		};
		D68F771929F6719F0074B75A /* LaunchScreen.storyboard */ = {
			isa = PBXVariantGroup;
			children = (
				D68F771A29F6719F0074B75A /* Base */,
			);
			name = LaunchScreen.storyboard;
			sourceTree = "<group>";
		};
/* End PBXVariantGroup section */

/* Begin XCBuildConfiguration section */
		D68F771D29F6719F0074B75A /* Debug */ = {
			isa = XCBuildConfiguration;
			buildSettings = {
				ALWAYS_SEARCH_USER_PATHS = NO;
				CLANG_ANALYZER_NONNULL = YES;
				CLANG_ANALYZER_NUMBER_OBJECT_CONVERSION = YES_AGGRESSIVE;
				CLANG_CXX_LANGUAGE_STANDARD = "gnu++20";
				CLANG_ENABLE_MODULES = YES;
				CLANG_ENABLE_OBJC_ARC = YES;
				CLANG_ENABLE_OBJC_WEAK = YES;
				CLANG_WARN_BLOCK_CAPTURE_AUTORELEASING = YES;
				CLANG_WARN_BOOL_CONVERSION = YES;
				CLANG_WARN_COMMA = YES;
				CLANG_WARN_CONSTANT_CONVERSION = YES;
				CLANG_WARN_DEPRECATED_OBJC_IMPLEMENTATIONS = YES;
				CLANG_WARN_DIRECT_OBJC_ISA_USAGE = YES_ERROR;
				CLANG_WARN_DOCUMENTATION_COMMENTS = YES;
				CLANG_WARN_EMPTY_BODY = YES;
				CLANG_WARN_ENUM_CONVERSION = YES;
				CLANG_WARN_INFINITE_RECURSION = YES;
				CLANG_WARN_INT_CONVERSION = YES;
				CLANG_WARN_NON_LITERAL_NULL_CONVERSION = YES;
				CLANG_WARN_OBJC_IMPLICIT_RETAIN_SELF = YES;
				CLANG_WARN_OBJC_LITERAL_CONVERSION = YES;
				CLANG_WARN_OBJC_ROOT_CLASS = YES_ERROR;
				CLANG_WARN_QUOTED_INCLUDE_IN_FRAMEWORK_HEADER = YES;
				CLANG_WARN_RANGE_LOOP_ANALYSIS = YES;
				CLANG_WARN_STRICT_PROTOTYPES = YES;
				CLANG_WARN_SUSPICIOUS_MOVE = YES;
				CLANG_WARN_UNGUARDED_AVAILABILITY = YES_AGGRESSIVE;
				CLANG_WARN_UNREACHABLE_CODE = YES;
				CLANG_WARN__DUPLICATE_METHOD_MATCH = YES;
				COPY_PHASE_STRIP = NO;
				DEBUG_INFORMATION_FORMAT = dwarf;
				ENABLE_STRICT_OBJC_MSGSEND = YES;
				ENABLE_TESTABILITY = YES;
				GCC_C_LANGUAGE_STANDARD = gnu11;
				GCC_DYNAMIC_NO_PIC = NO;
				GCC_NO_COMMON_BLOCKS = YES;
				GCC_OPTIMIZATION_LEVEL = 0;
				GCC_PREPROCESSOR_DEFINITIONS = (
					"DEBUG=1",
					"$(inherited)",
				);
				GCC_WARN_64_TO_32_BIT_CONVERSION = YES;
				GCC_WARN_ABOUT_RETURN_TYPE = YES_ERROR;
				GCC_WARN_UNDECLARED_SELECTOR = YES;
				GCC_WARN_UNINITIALIZED_AUTOS = YES_AGGRESSIVE;
				GCC_WARN_UNUSED_FUNCTION = YES;
				GCC_WARN_UNUSED_VARIABLE = YES;
				IPHONEOS_DEPLOYMENT_TARGET = 15.6;
				MTL_ENABLE_DEBUG_INFO = INCLUDE_SOURCE;
				MTL_FAST_MATH = YES;
				ONLY_ACTIVE_ARCH = YES;
				SDKROOT = iphoneos;
				SWIFT_ACTIVE_COMPILATION_CONDITIONS = DEBUG;
				SWIFT_OPTIMIZATION_LEVEL = "-Onone";
			};
			name = Debug;
		};
		D68F771E29F6719F0074B75A /* Release */ = {
			isa = XCBuildConfiguration;
			buildSettings = {
				ALWAYS_SEARCH_USER_PATHS = NO;
				CLANG_ANALYZER_NONNULL = YES;
				CLANG_ANALYZER_NUMBER_OBJECT_CONVERSION = YES_AGGRESSIVE;
				CLANG_CXX_LANGUAGE_STANDARD = "gnu++20";
				CLANG_ENABLE_MODULES = YES;
				CLANG_ENABLE_OBJC_ARC = YES;
				CLANG_ENABLE_OBJC_WEAK = YES;
				CLANG_WARN_BLOCK_CAPTURE_AUTORELEASING = YES;
				CLANG_WARN_BOOL_CONVERSION = YES;
				CLANG_WARN_COMMA = YES;
				CLANG_WARN_CONSTANT_CONVERSION = YES;
				CLANG_WARN_DEPRECATED_OBJC_IMPLEMENTATIONS = YES;
				CLANG_WARN_DIRECT_OBJC_ISA_USAGE = YES_ERROR;
				CLANG_WARN_DOCUMENTATION_COMMENTS = YES;
				CLANG_WARN_EMPTY_BODY = YES;
				CLANG_WARN_ENUM_CONVERSION = YES;
				CLANG_WARN_INFINITE_RECURSION = YES;
				CLANG_WARN_INT_CONVERSION = YES;
				CLANG_WARN_NON_LITERAL_NULL_CONVERSION = YES;
				CLANG_WARN_OBJC_IMPLICIT_RETAIN_SELF = YES;
				CLANG_WARN_OBJC_LITERAL_CONVERSION = YES;
				CLANG_WARN_OBJC_ROOT_CLASS = YES_ERROR;
				CLANG_WARN_QUOTED_INCLUDE_IN_FRAMEWORK_HEADER = YES;
				CLANG_WARN_RANGE_LOOP_ANALYSIS = YES;
				CLANG_WARN_STRICT_PROTOTYPES = YES;
				CLANG_WARN_SUSPICIOUS_MOVE = YES;
				CLANG_WARN_UNGUARDED_AVAILABILITY = YES_AGGRESSIVE;
				CLANG_WARN_UNREACHABLE_CODE = YES;
				CLANG_WARN__DUPLICATE_METHOD_MATCH = YES;
				COPY_PHASE_STRIP = NO;
				DEBUG_INFORMATION_FORMAT = "dwarf-with-dsym";
				ENABLE_NS_ASSERTIONS = NO;
				ENABLE_STRICT_OBJC_MSGSEND = YES;
				GCC_C_LANGUAGE_STANDARD = gnu11;
				GCC_NO_COMMON_BLOCKS = YES;
				GCC_WARN_64_TO_32_BIT_CONVERSION = YES;
				GCC_WARN_ABOUT_RETURN_TYPE = YES_ERROR;
				GCC_WARN_UNDECLARED_SELECTOR = YES;
				GCC_WARN_UNINITIALIZED_AUTOS = YES_AGGRESSIVE;
				GCC_WARN_UNUSED_FUNCTION = YES;
				GCC_WARN_UNUSED_VARIABLE = YES;
				IPHONEOS_DEPLOYMENT_TARGET = 15.6;
				MTL_ENABLE_DEBUG_INFO = NO;
				MTL_FAST_MATH = YES;
				SDKROOT = iphoneos;
				SWIFT_COMPILATION_MODE = wholemodule;
				SWIFT_OPTIMIZATION_LEVEL = "-O";
				VALIDATE_PRODUCT = YES;
			};
			name = Release;
		};
		D68F772029F6719F0074B75A /* Debug */ = {
			isa = XCBuildConfiguration;
			baseConfigurationReference = B7188996213AFDD96D0CD854 /* Pods-XYZMapKit.debug.xcconfig */;
			buildSettings = {
				ASSETCATALOG_COMPILER_APPICON_NAME = AppIcon;
				ASSETCATALOG_COMPILER_GLOBAL_ACCENT_COLOR_NAME = AccentColor;
				CODE_SIGN_STYLE = Automatic;
				CURRENT_PROJECT_VERSION = 1.0.1;
				DEVELOPMENT_TEAM = 9GZYHL8TWB;
				GENERATE_INFOPLIST_FILE = YES;
				INFOPLIST_FILE = XYZMapKit/Info.plist;
				INFOPLIST_KEY_LSApplicationCategoryType = "public.app-category.utilities";
				INFOPLIST_KEY_NSLocationAlwaysAndWhenInUseUsageDescription = "定位需要权限";
				INFOPLIST_KEY_NSLocationAlwaysUsageDescription = "定位需要权限";
				INFOPLIST_KEY_NSLocationWhenInUseUsageDescription = "定位需要权限";
				INFOPLIST_KEY_UIApplicationSupportsIndirectInputEvents = YES;
				INFOPLIST_KEY_UILaunchStoryboardName = LaunchScreen;
				INFOPLIST_KEY_UIMainStoryboardFile = Main;
				INFOPLIST_KEY_UISupportedInterfaceOrientations = UIInterfaceOrientationPortrait;
				INFOPLIST_KEY_UISupportedInterfaceOrientations_iPad = "UIInterfaceOrientationLandscapeLeft UIInterfaceOrientationLandscapeRight UIInterfaceOrientationPortrait UIInterfaceOrientationPortraitUpsideDown";
				IPHONEOS_DEPLOYMENT_TARGET = 15.0;
				LD_RUNPATH_SEARCH_PATHS = (
					"$(inherited)",
					"@executable_path/Frameworks",
				);
				MARKETING_VERSION = 1.0.1;
				PRODUCT_BUNDLE_IDENTIFIER = com.xyztech.XYZMapKit;
				PRODUCT_NAME = "$(TARGET_NAME)";
				SWIFT_EMIT_LOC_STRINGS = YES;
				SWIFT_VERSION = 5.0;
				TARGETED_DEVICE_FAMILY = "1,2";
			};
			name = Debug;
		};
		D68F772129F6719F0074B75A /* Release */ = {
			isa = XCBuildConfiguration;
			baseConfigurationReference = 8B92BC188D1CF63890C9CD8C /* Pods-XYZMapKit.release.xcconfig */;
			buildSettings = {
				ASSETCATALOG_COMPILER_APPICON_NAME = AppIcon;
				ASSETCATALOG_COMPILER_GLOBAL_ACCENT_COLOR_NAME = AccentColor;
				CODE_SIGN_STYLE = Automatic;
				CURRENT_PROJECT_VERSION = 1.0.1;
				DEVELOPMENT_TEAM = 9GZYHL8TWB;
				GENERATE_INFOPLIST_FILE = YES;
				INFOPLIST_FILE = XYZMapKit/Info.plist;
				INFOPLIST_KEY_LSApplicationCategoryType = "public.app-category.utilities";
				INFOPLIST_KEY_NSLocationAlwaysAndWhenInUseUsageDescription = "定位需要权限";
				INFOPLIST_KEY_NSLocationAlwaysUsageDescription = "定位需要权限";
				INFOPLIST_KEY_NSLocationWhenInUseUsageDescription = "定位需要权限";
				INFOPLIST_KEY_UIApplicationSupportsIndirectInputEvents = YES;
				INFOPLIST_KEY_UILaunchStoryboardName = LaunchScreen;
				INFOPLIST_KEY_UIMainStoryboardFile = Main;
				INFOPLIST_KEY_UISupportedInterfaceOrientations = UIInterfaceOrientationPortrait;
				INFOPLIST_KEY_UISupportedInterfaceOrientations_iPad = "UIInterfaceOrientationLandscapeLeft UIInterfaceOrientationLandscapeRight UIInterfaceOrientationPortrait UIInterfaceOrientationPortraitUpsideDown";
				IPHONEOS_DEPLOYMENT_TARGET = 15.0;
				LD_RUNPATH_SEARCH_PATHS = (
					"$(inherited)",
					"@executable_path/Frameworks",
				);
				MARKETING_VERSION = 1.0.1;
				PRODUCT_BUNDLE_IDENTIFIER = com.xyztech.XYZMapKit;
				PRODUCT_NAME = "$(TARGET_NAME)";
				SWIFT_EMIT_LOC_STRINGS = YES;
				SWIFT_VERSION = 5.0;
				TARGETED_DEVICE_FAMILY = "1,2";
			};
			name = Release;
		};
/* End XCBuildConfiguration section */

/* Begin XCConfigurationList section */
		D68F770629F6719D0074B75A /* Build configuration list for PBXProject "XYZMapKit" */ = {
			isa = XCConfigurationList;
			buildConfigurations = (
				D68F771D29F6719F0074B75A /* Debug */,
				D68F771E29F6719F0074B75A /* Release */,
			);
			defaultConfigurationIsVisible = 0;
			defaultConfigurationName = Release;
		};
		D68F771F29F6719F0074B75A /* Build configuration list for PBXNativeTarget "XYZMapKit" */ = {
			isa = XCConfigurationList;
			buildConfigurations = (
				D68F772029F6719F0074B75A /* Debug */,
				D68F772129F6719F0074B75A /* Release */,
			);
			defaultConfigurationIsVisible = 0;
			defaultConfigurationName = Release;
		};
/* End XCConfigurationList section */
	};
	rootObject = D68F770329F6719D0074B75A /* Project object */;
}
